// !$*UTF8*$!
{
	archiveVersion = 1;
	classes = {
	};
	objectVersion = 50;
	objects = {

/* Begin PBXBuildFile section */
		F909ECA6246C5E41007F6FAF /* WeatherModel.swift in Sources */ = {isa = PBXBuildFile; fileRef = F909ECA5246C5E41007F6FAF /* WeatherModel.swift */; };
		F909ECA8246C5F66007F6FAF /* NetworkManager.swift in Sources */ = {isa = PBXBuildFile; fileRef = F909ECA7246C5F66007F6FAF /* NetworkManager.swift */; };
		F909ECAA246C602A007F6FAF /* NetworkHelper.swift in Sources */ = {isa = PBXBuildFile; fileRef = F909ECA9246C602A007F6FAF /* NetworkHelper.swift */; };
		F9419E7A246AFEE400707564 /* AppDelegate.swift in Sources */ = {isa = PBXBuildFile; fileRef = F9419E79246AFEE400707564 /* AppDelegate.swift */; };
		F9419E7C246AFEE400707564 /* SceneDelegate.swift in Sources */ = {isa = PBXBuildFile; fileRef = F9419E7B246AFEE400707564 /* SceneDelegate.swift */; };
		F9419E81246AFEE500707564 /* Main.storyboard in Resources */ = {isa = PBXBuildFile; fileRef = F9419E7F246AFEE500707564 /* Main.storyboard */; };
		F9419E83246AFF1000707564 /* Assets.xcassets in Resources */ = {isa = PBXBuildFile; fileRef = F9419E82246AFF1000707564 /* Assets.xcassets */; };
		F9419E86246AFF1000707564 /* LaunchScreen.storyboard in Resources */ = {isa = PBXBuildFile; fileRef = F9419E84246AFF1000707564 /* LaunchScreen.storyboard */; };
		F9419E8F246B188300707564 /* WeatherPresenter.swift in Sources */ = {isa = PBXBuildFile; fileRef = F9419E8E246B188300707564 /* WeatherPresenter.swift */; };
		F9419E91246B19BC00707564 /* WeatherViewController.swift in Sources */ = {isa = PBXBuildFile; fileRef = F9419E90246B19BC00707564 /* WeatherViewController.swift */; };
		F953D68E24713F1D00A422D8 /* CommonExtensions.swift in Sources */ = {isa = PBXBuildFile; fileRef = F953D68D24713F1D00A422D8 /* CommonExtensions.swift */; };
		F953D69024713F3B00A422D8 /* DateExtension.swift in Sources */ = {isa = PBXBuildFile; fileRef = F953D68F24713F3B00A422D8 /* DateExtension.swift */; };
		F953D69224714DEF00A422D8 /* ForecastListViewController.swift in Sources */ = {isa = PBXBuildFile; fileRef = F953D69124714DEF00A422D8 /* ForecastListViewController.swift */; };
		F953D6942471551C00A422D8 /* ForecastListPresenter.swift in Sources */ = {isa = PBXBuildFile; fileRef = F953D6932471551C00A422D8 /* ForecastListPresenter.swift */; };
		F953D69B2471863700A422D8 /* ForecastTableViewCell.swift in Sources */ = {isa = PBXBuildFile; fileRef = F953D6992471863700A422D8 /* ForecastTableViewCell.swift */; };
		F953D69C2471863700A422D8 /* ForecastTableViewCell.xib in Resources */ = {isa = PBXBuildFile; fileRef = F953D69A2471863700A422D8 /* ForecastTableViewCell.xib */; };
		F95E6F9A24793A8400AD0003 /* APIConstant.swift in Sources */ = {isa = PBXBuildFile; fileRef = F95E6F9924793A8400AD0003 /* APIConstant.swift */; };
		F96BE9BF246C4053001A3A04 /* WeatherCoreData.swift in Sources */ = {isa = PBXBuildFile; fileRef = F96BE9BE246C4053001A3A04 /* WeatherCoreData.swift */; };
		F96BE9C2246C40B5001A3A04 /* Weather.xcdatamodeld in Sources */ = {isa = PBXBuildFile; fileRef = F96BE9C0246C40B5001A3A04 /* Weather.xcdatamodeld */; };
		F96BE9C4246C4187001A3A04 /* CoreDataManager.swift in Sources */ = {isa = PBXBuildFile; fileRef = F96BE9C3246C4187001A3A04 /* CoreDataManager.swift */; };
		F96BE9CB246C4840001A3A04 /* BookMarkModel.swift in Sources */ = {isa = PBXBuildFile; fileRef = F96BE9CA246C4840001A3A04 /* BookMarkModel.swift */; };
		F96BE9CE246C4FEA001A3A04 /* BookMark+CoreDataProperties.swift in Sources */ = {isa = PBXBuildFile; fileRef = F96BE9CC246C4FEA001A3A04 /* BookMark+CoreDataProperties.swift */; };
		F96BE9CF246C4FEA001A3A04 /* BookMark+CoreDataClass.swift in Sources */ = {isa = PBXBuildFile; fileRef = F96BE9CD246C4FEA001A3A04 /* BookMark+CoreDataClass.swift */; };
		F9880095246D7C99008EF980 /* DataSource.swift in Sources */ = {isa = PBXBuildFile; fileRef = F9880094246D7C99008EF980 /* DataSource.swift */; };
		F988009E246D83E2008EF980 /* WeatherTableViewCell.swift in Sources */ = {isa = PBXBuildFile; fileRef = F988009C246D83E2008EF980 /* WeatherTableViewCell.swift */; };
		F988009F246D83E2008EF980 /* WeatherTableViewCell.xib in Resources */ = {isa = PBXBuildFile; fileRef = F988009D246D83E2008EF980 /* WeatherTableViewCell.xib */; };
		F98800A1246D988D008EF980 /* LocationWatherData.swift in Sources */ = {isa = PBXBuildFile; fileRef = F98800A0246D988B008EF980 /* LocationWatherData.swift */; };
		F992678A2476AD8800B5FEBD /* Coordinator.swift in Sources */ = {isa = PBXBuildFile; fileRef = F99267892476AD8800B5FEBD /* Coordinator.swift */; };
		F992678D2476AF6300B5FEBD /* AppCoordinator.swift in Sources */ = {isa = PBXBuildFile; fileRef = F992678C2476AF6300B5FEBD /* AppCoordinator.swift */; };
		F992678F2476B13100B5FEBD /* WeatherSearchCoordinator.swift in Sources */ = {isa = PBXBuildFile; fileRef = F992678E2476B13100B5FEBD /* WeatherSearchCoordinator.swift */; };
		F99267912476B27C00B5FEBD /* CoordinatorDependencyProviders.swift in Sources */ = {isa = PBXBuildFile; fileRef = F99267902476B27C00B5FEBD /* CoordinatorDependencyProviders.swift */; };
		F99267932476B37E00B5FEBD /* ApplicationControllersFactory.swift in Sources */ = {isa = PBXBuildFile; fileRef = F99267922476B37E00B5FEBD /* ApplicationControllersFactory.swift */; };
		F99353272470651A00BAE1E8 /* BookMarkViewController.swift in Sources */ = {isa = PBXBuildFile; fileRef = F99353262470651A00BAE1E8 /* BookMarkViewController.swift */; };
		F99353292470653200BAE1E8 /* BookMarkPresenter.swift in Sources */ = {isa = PBXBuildFile; fileRef = F99353282470653200BAE1E8 /* BookMarkPresenter.swift */; };
		F996C0392477DD65007C2306 /* PublisherExtension.swift in Sources */ = {isa = PBXBuildFile; fileRef = F996C0382477DD65007C2306 /* PublisherExtension.swift */; };
		F9E35E672476C9B3005BFC57 /* ForecastCoordinator.swift in Sources */ = {isa = PBXBuildFile; fileRef = F9E35E662476C9B3005BFC57 /* ForecastCoordinator.swift */; };
		F9E35E692476CE8A005BFC57 /* BookMarkCoordinator.swift in Sources */ = {isa = PBXBuildFile; fileRef = F9E35E682476CE8A005BFC57 /* BookMarkCoordinator.swift */; };
		F9E35E6B2476E58D005BFC57 /* CombineSamples.swift in Sources */ = {isa = PBXBuildFile; fileRef = F9E35E6A2476E58D005BFC57 /* CombineSamples.swift */; };
		F9E35E6D2477203B005BFC57 /* CityWeatherData.swift in Sources */ = {isa = PBXBuildFile; fileRef = F9E35E6C2477203B005BFC57 /* CityWeatherData.swift */; };
		F9E35E712477251A005BFC57 /* NetworkServiceType.swift in Sources */ = {isa = PBXBuildFile; fileRef = F9E35E702477251A005BFC57 /* NetworkServiceType.swift */; };
		F9E35E73247726CC005BFC57 /* NetworkRequest.swift in Sources */ = {isa = PBXBuildFile; fileRef = F9E35E72247726CC005BFC57 /* NetworkRequest.swift */; };
		F9E35E75247728D2005BFC57 /* NetworkService.swift in Sources */ = {isa = PBXBuildFile; fileRef = F9E35E74247728D2005BFC57 /* NetworkService.swift */; };
/* End PBXBuildFile section */

/* Begin PBXFileReference section */
		F909ECA5246C5E41007F6FAF /* WeatherModel.swift */ = {isa = PBXFileReference; lastKnownFileType = sourcecode.swift; path = WeatherModel.swift; sourceTree = "<group>"; };
		F909ECA7246C5F66007F6FAF /* NetworkManager.swift */ = {isa = PBXFileReference; lastKnownFileType = sourcecode.swift; path = NetworkManager.swift; sourceTree = "<group>"; };
		F909ECA9246C602A007F6FAF /* NetworkHelper.swift */ = {isa = PBXFileReference; lastKnownFileType = sourcecode.swift; path = NetworkHelper.swift; sourceTree = "<group>"; };
		F9419E76246AFEE400707564 /* WeatherForecastCombine.app */ = {isa = PBXFileReference; explicitFileType = wrapper.application; includeInIndex = 0; path = WeatherForecastCombine.app; sourceTree = BUILT_PRODUCTS_DIR; };
		F9419E79246AFEE400707564 /* AppDelegate.swift */ = {isa = PBXFileReference; lastKnownFileType = sourcecode.swift; path = AppDelegate.swift; sourceTree = "<group>"; };
		F9419E7B246AFEE400707564 /* SceneDelegate.swift */ = {isa = PBXFileReference; lastKnownFileType = sourcecode.swift; path = SceneDelegate.swift; sourceTree = "<group>"; };
		F9419E80246AFEE500707564 /* Base */ = {isa = PBXFileReference; lastKnownFileType = file.storyboard; name = Base; path = Base.lproj/Main.storyboard; sourceTree = "<group>"; };
		F9419E82246AFF1000707564 /* Assets.xcassets */ = {isa = PBXFileReference; lastKnownFileType = folder.assetcatalog; path = Assets.xcassets; sourceTree = "<group>"; };
		F9419E85246AFF1000707564 /* Base */ = {isa = PBXFileReference; lastKnownFileType = file.storyboard; name = Base; path = Base.lproj/LaunchScreen.storyboard; sourceTree = "<group>"; };
		F9419E87246AFF1000707564 /* Info.plist */ = {isa = PBXFileReference; lastKnownFileType = text.plist.xml; path = Info.plist; sourceTree = "<group>"; };
		F9419E8E246B188300707564 /* WeatherPresenter.swift */ = {isa = PBXFileReference; lastKnownFileType = sourcecode.swift; path = WeatherPresenter.swift; sourceTree = "<group>"; };
		F9419E90246B19BC00707564 /* WeatherViewController.swift */ = {isa = PBXFileReference; lastKnownFileType = sourcecode.swift; path = WeatherViewController.swift; sourceTree = "<group>"; };
		F953D68D24713F1D00A422D8 /* CommonExtensions.swift */ = {isa = PBXFileReference; lastKnownFileType = sourcecode.swift; path = CommonExtensions.swift; sourceTree = "<group>"; };
		F953D68F24713F3B00A422D8 /* DateExtension.swift */ = {isa = PBXFileReference; lastKnownFileType = sourcecode.swift; path = DateExtension.swift; sourceTree = "<group>"; };
		F953D69124714DEF00A422D8 /* ForecastListViewController.swift */ = {isa = PBXFileReference; lastKnownFileType = sourcecode.swift; path = ForecastListViewController.swift; sourceTree = "<group>"; };
		F953D6932471551C00A422D8 /* ForecastListPresenter.swift */ = {isa = PBXFileReference; lastKnownFileType = sourcecode.swift; path = ForecastListPresenter.swift; sourceTree = "<group>"; };
		F953D6992471863700A422D8 /* ForecastTableViewCell.swift */ = {isa = PBXFileReference; lastKnownFileType = sourcecode.swift; path = ForecastTableViewCell.swift; sourceTree = "<group>"; };
		F953D69A2471863700A422D8 /* ForecastTableViewCell.xib */ = {isa = PBXFileReference; lastKnownFileType = file.xib; path = ForecastTableViewCell.xib; sourceTree = "<group>"; };
		F95E6F9924793A8400AD0003 /* APIConstant.swift */ = {isa = PBXFileReference; lastKnownFileType = sourcecode.swift; path = APIConstant.swift; sourceTree = "<group>"; };
		F96BE9BE246C4053001A3A04 /* WeatherCoreData.swift */ = {isa = PBXFileReference; lastKnownFileType = sourcecode.swift; path = WeatherCoreData.swift; sourceTree = "<group>"; };
		F96BE9C1246C40B5001A3A04 /* Weather.xcdatamodel */ = {isa = PBXFileReference; lastKnownFileType = wrapper.xcdatamodel; path = Weather.xcdatamodel; sourceTree = "<group>"; };
		F96BE9C3246C4187001A3A04 /* CoreDataManager.swift */ = {isa = PBXFileReference; lastKnownFileType = sourcecode.swift; path = CoreDataManager.swift; sourceTree = "<group>"; };
		F96BE9CA246C4840001A3A04 /* BookMarkModel.swift */ = {isa = PBXFileReference; lastKnownFileType = sourcecode.swift; path = BookMarkModel.swift; sourceTree = "<group>"; };
		F96BE9CC246C4FEA001A3A04 /* BookMark+CoreDataProperties.swift */ = {isa = PBXFileReference; fileEncoding = 4; lastKnownFileType = sourcecode.swift; path = "BookMark+CoreDataProperties.swift"; sourceTree = "<group>"; };
		F96BE9CD246C4FEA001A3A04 /* BookMark+CoreDataClass.swift */ = {isa = PBXFileReference; fileEncoding = 4; lastKnownFileType = sourcecode.swift; path = "BookMark+CoreDataClass.swift"; sourceTree = "<group>"; };
		F9880094246D7C99008EF980 /* DataSource.swift */ = {isa = PBXFileReference; lastKnownFileType = sourcecode.swift; path = DataSource.swift; sourceTree = "<group>"; };
		F988009C246D83E2008EF980 /* WeatherTableViewCell.swift */ = {isa = PBXFileReference; fileEncoding = 4; lastKnownFileType = sourcecode.swift; path = WeatherTableViewCell.swift; sourceTree = "<group>"; };
		F988009D246D83E2008EF980 /* WeatherTableViewCell.xib */ = {isa = PBXFileReference; fileEncoding = 4; lastKnownFileType = file.xib; path = WeatherTableViewCell.xib; sourceTree = "<group>"; };
		F98800A0246D988B008EF980 /* LocationWatherData.swift */ = {isa = PBXFileReference; lastKnownFileType = sourcecode.swift; path = LocationWatherData.swift; sourceTree = "<group>"; };
		F99267892476AD8800B5FEBD /* Coordinator.swift */ = {isa = PBXFileReference; lastKnownFileType = sourcecode.swift; path = Coordinator.swift; sourceTree = "<group>"; };
		F992678C2476AF6300B5FEBD /* AppCoordinator.swift */ = {isa = PBXFileReference; lastKnownFileType = sourcecode.swift; path = AppCoordinator.swift; sourceTree = "<group>"; };
		F992678E2476B13100B5FEBD /* WeatherSearchCoordinator.swift */ = {isa = PBXFileReference; lastKnownFileType = sourcecode.swift; path = WeatherSearchCoordinator.swift; sourceTree = "<group>"; };
		F99267902476B27C00B5FEBD /* CoordinatorDependencyProviders.swift */ = {isa = PBXFileReference; lastKnownFileType = sourcecode.swift; path = CoordinatorDependencyProviders.swift; sourceTree = "<group>"; };
		F99267922476B37E00B5FEBD /* ApplicationControllersFactory.swift */ = {isa = PBXFileReference; lastKnownFileType = sourcecode.swift; path = ApplicationControllersFactory.swift; sourceTree = "<group>"; };
		F99353262470651A00BAE1E8 /* BookMarkViewController.swift */ = {isa = PBXFileReference; lastKnownFileType = sourcecode.swift; path = BookMarkViewController.swift; sourceTree = "<group>"; };
		F99353282470653200BAE1E8 /* BookMarkPresenter.swift */ = {isa = PBXFileReference; lastKnownFileType = sourcecode.swift; path = BookMarkPresenter.swift; sourceTree = "<group>"; };
		F996C0382477DD65007C2306 /* PublisherExtension.swift */ = {isa = PBXFileReference; lastKnownFileType = sourcecode.swift; path = PublisherExtension.swift; sourceTree = "<group>"; };
		F9E35E662476C9B3005BFC57 /* ForecastCoordinator.swift */ = {isa = PBXFileReference; lastKnownFileType = sourcecode.swift; path = ForecastCoordinator.swift; sourceTree = "<group>"; };
		F9E35E682476CE8A005BFC57 /* BookMarkCoordinator.swift */ = {isa = PBXFileReference; lastKnownFileType = sourcecode.swift; path = BookMarkCoordinator.swift; sourceTree = "<group>"; };
		F9E35E6A2476E58D005BFC57 /* CombineSamples.swift */ = {isa = PBXFileReference; lastKnownFileType = sourcecode.swift; path = CombineSamples.swift; sourceTree = "<group>"; };
		F9E35E6C2477203B005BFC57 /* CityWeatherData.swift */ = {isa = PBXFileReference; lastKnownFileType = sourcecode.swift; path = CityWeatherData.swift; sourceTree = "<group>"; };
		F9E35E702477251A005BFC57 /* NetworkServiceType.swift */ = {isa = PBXFileReference; lastKnownFileType = sourcecode.swift; path = NetworkServiceType.swift; sourceTree = "<group>"; };
		F9E35E72247726CC005BFC57 /* NetworkRequest.swift */ = {isa = PBXFileReference; lastKnownFileType = sourcecode.swift; path = NetworkRequest.swift; sourceTree = "<group>"; };
		F9E35E74247728D2005BFC57 /* NetworkService.swift */ = {isa = PBXFileReference; lastKnownFileType = sourcecode.swift; path = NetworkService.swift; sourceTree = "<group>"; };
/* End PBXFileReference section */

/* Begin PBXFrameworksBuildPhase section */
		F9419E73246AFEE400707564 /* Frameworks */ = {
			isa = PBXFrameworksBuildPhase;
			buildActionMask = 2147483647;
			files = (
			);
			runOnlyForDeploymentPostprocessing = 0;
		};
/* End PBXFrameworksBuildPhase section */

/* Begin PBXGroup section */
		F9419E6D246AFEE400707564 = {
			isa = PBXGroup;
			children = (
				F9419E78246AFEE400707564 /* WeatherForecastCombine */,
				F9419E77246AFEE400707564 /* Products */,
			);
			sourceTree = "<group>";
		};
		F9419E77246AFEE400707564 /* Products */ = {
			isa = PBXGroup;
			children = (
				F9419E76246AFEE400707564 /* WeatherForecastCombine.app */,
			);
			name = Products;
			sourceTree = "<group>";
		};
		F9419E78246AFEE400707564 /* WeatherForecastCombine */ = {
			isa = PBXGroup;
			children = (
				F99267882476ACB900B5FEBD /* FlowControllers */,
				F953D68C24713E7B00A422D8 /* Extensions */,
				F9880093246D7C67008EF980 /* DataSource */,
				F9419E95246B1A3700707564 /* Storage */,
				F9419E94246B1A2E00707564 /* Network */,
				F9419E93246B1A1400707564 /* Bookmark */,
				F9419E92246B1A0C00707564 /* Forecast */,
				F9419E8D246B168C00707564 /* Weather */,
				F9419E79246AFEE400707564 /* AppDelegate.swift */,
				F9419E7B246AFEE400707564 /* SceneDelegate.swift */,
				F9419E7F246AFEE500707564 /* Main.storyboard */,
				F9419E82246AFF1000707564 /* Assets.xcassets */,
				F9419E84246AFF1000707564 /* LaunchScreen.storyboard */,
				F9419E87246AFF1000707564 /* Info.plist */,
			);
			path = WeatherForecastCombine;
			sourceTree = "<group>";
		};
		F9419E8D246B168C00707564 /* Weather */ = {
			isa = PBXGroup;
			children = (
				F9419E8E246B188300707564 /* WeatherPresenter.swift */,
				F9419E90246B19BC00707564 /* WeatherViewController.swift */,
				F909ECA5246C5E41007F6FAF /* WeatherModel.swift */,
				F988009B246D82C8008EF980 /* WeatherCell */,
				F9E35E6A2476E58D005BFC57 /* CombineSamples.swift */,
			);
			path = Weather;
			sourceTree = "<group>";
		};
		F9419E92246B1A0C00707564 /* Forecast */ = {
			isa = PBXGroup;
			children = (
				F953D698247185E700A422D8 /* ForecastCell */,
				F953D69124714DEF00A422D8 /* ForecastListViewController.swift */,
				F953D6932471551C00A422D8 /* ForecastListPresenter.swift */,
			);
			path = Forecast;
			sourceTree = "<group>";
		};
		F9419E93246B1A1400707564 /* Bookmark */ = {
			isa = PBXGroup;
			children = (
				F99353262470651A00BAE1E8 /* BookMarkViewController.swift */,
				F99353282470653200BAE1E8 /* BookMarkPresenter.swift */,
				F96BE9CA246C4840001A3A04 /* BookMarkModel.swift */,
			);
			path = Bookmark;
			sourceTree = "<group>";
		};
		F9419E94246B1A2E00707564 /* Network */ = {
			isa = PBXGroup;
			children = (
				F9E35E6F247724FE005BFC57 /* Combine */,
				F9E35E6E247723E6005BFC57 /* SimpleImplemetation */,
				F95E6F9924793A8400AD0003 /* APIConstant.swift */,
			);
			path = Network;
			sourceTree = "<group>";
		};
		F9419E95246B1A3700707564 /* Storage */ = {
			isa = PBXGroup;
			children = (
				F96BE9C5246C424A001A3A04 /* CoreDataModel */,
				F96BE9BD246C4013001A3A04 /* CoreData */,
				F96BE9C3246C4187001A3A04 /* CoreDataManager.swift */,
			);
			path = Storage;
			sourceTree = "<group>";
		};
		F953D68C24713E7B00A422D8 /* Extensions */ = {
			isa = PBXGroup;
			children = (
				F953D68F24713F3B00A422D8 /* DateExtension.swift */,
				F953D68D24713F1D00A422D8 /* CommonExtensions.swift */,
				F996C0382477DD65007C2306 /* PublisherExtension.swift */,
			);
			path = Extensions;
			sourceTree = "<group>";
		};
		F953D698247185E700A422D8 /* ForecastCell */ = {
			isa = PBXGroup;
			children = (
				F953D6992471863700A422D8 /* ForecastTableViewCell.swift */,
				F953D69A2471863700A422D8 /* ForecastTableViewCell.xib */,
			);
			path = ForecastCell;
			sourceTree = "<group>";
		};
		F96BE9BD246C4013001A3A04 /* CoreData */ = {
			isa = PBXGroup;
			children = (
				F96BE9BE246C4053001A3A04 /* WeatherCoreData.swift */,
				F96BE9C0246C40B5001A3A04 /* Weather.xcdatamodeld */,
			);
			path = CoreData;
			sourceTree = "<group>";
		};
		F96BE9C5246C424A001A3A04 /* CoreDataModel */ = {
			isa = PBXGroup;
			children = (
				F96BE9CD246C4FEA001A3A04 /* BookMark+CoreDataClass.swift */,
				F96BE9CC246C4FEA001A3A04 /* BookMark+CoreDataProperties.swift */,
			);
			path = CoreDataModel;
			sourceTree = "<group>";
		};
		F9880093246D7C67008EF980 /* DataSource */ = {
			isa = PBXGroup;
			children = (
				F9880094246D7C99008EF980 /* DataSource.swift */,
				F98800A0246D988B008EF980 /* LocationWatherData.swift */,
				F9E35E6C2477203B005BFC57 /* CityWeatherData.swift */,
			);
			path = DataSource;
			sourceTree = "<group>";
		};
		F988009B246D82C8008EF980 /* WeatherCell */ = {
			isa = PBXGroup;
			children = (
				F988009C246D83E2008EF980 /* WeatherTableViewCell.swift */,
				F988009D246D83E2008EF980 /* WeatherTableViewCell.xib */,
			);
			path = WeatherCell;
			sourceTree = "<group>";
		};
		F99267882476ACB900B5FEBD /* FlowControllers */ = {
			isa = PBXGroup;
			children = (
				F99267892476AD8800B5FEBD /* Coordinator.swift */,
				F992678C2476AF6300B5FEBD /* AppCoordinator.swift */,
				F992678E2476B13100B5FEBD /* WeatherSearchCoordinator.swift */,
				F99267902476B27C00B5FEBD /* CoordinatorDependencyProviders.swift */,
				F99267922476B37E00B5FEBD /* ApplicationControllersFactory.swift */,
				F9E35E662476C9B3005BFC57 /* ForecastCoordinator.swift */,
				F9E35E682476CE8A005BFC57 /* BookMarkCoordinator.swift */,
			);
			path = FlowControllers;
			sourceTree = "<group>";
		};
		F9E35E6E247723E6005BFC57 /* SimpleImplemetation */ = {
			isa = PBXGroup;
			children = (
				F909ECA9246C602A007F6FAF /* NetworkHelper.swift */,
				F909ECA7246C5F66007F6FAF /* NetworkManager.swift */,
			);
			path = SimpleImplemetation;
			sourceTree = "<group>";
		};
		F9E35E6F247724FE005BFC57 /* Combine */ = {
			isa = PBXGroup;
			children = (
				F9E35E702477251A005BFC57 /* NetworkServiceType.swift */,
				F9E35E72247726CC005BFC57 /* NetworkRequest.swift */,
				F9E35E74247728D2005BFC57 /* NetworkService.swift */,
			);
			path = Combine;
			sourceTree = "<group>";
		};
/* End PBXGroup section */

/* Begin PBXNativeTarget section */
		F9419E75246AFEE400707564 /* WeatherForecastCombine */ = {
			isa = PBXNativeTarget;
			buildConfigurationList = F9419E8A246AFF1000707564 /* Build configuration list for PBXNativeTarget "WeatherForecastCombine" */;
			buildPhases = (
				F9419E72246AFEE400707564 /* Sources */,
				F9419E73246AFEE400707564 /* Frameworks */,
				F9419E74246AFEE400707564 /* Resources */,
			);
			buildRules = (
			);
			dependencies = (
			);
			name = WeatherForecastCombine;
			productName = WeatherForecastCombine;
			productReference = F9419E76246AFEE400707564 /* WeatherForecastCombine.app */;
			productType = "com.apple.product-type.application";
		};
/* End PBXNativeTarget section */

/* Begin PBXProject section */
		F9419E6E246AFEE400707564 /* Project object */ = {
			isa = PBXProject;
			attributes = {
				LastSwiftUpdateCheck = 1130;
				LastUpgradeCheck = 1130;
				ORGANIZATIONNAME = Rohit;
				TargetAttributes = {
					F9419E75246AFEE400707564 = {
						CreatedOnToolsVersion = 11.3.1;
					};
				};
			};
			buildConfigurationList = F9419E71246AFEE400707564 /* Build configuration list for PBXProject "WeatherForecastCombine" */;
			compatibilityVersion = "Xcode 9.3";
			developmentRegion = en;
			hasScannedForEncodings = 0;
			knownRegions = (
				en,
				Base,
			);
			mainGroup = F9419E6D246AFEE400707564;
			productRefGroup = F9419E77246AFEE400707564 /* Products */;
			projectDirPath = "";
			projectRoot = "";
			targets = (
				F9419E75246AFEE400707564 /* WeatherForecastCombine */,
			);
		};
/* End PBXProject section */

/* Begin PBXResourcesBuildPhase section */
		F9419E74246AFEE400707564 /* Resources */ = {
			isa = PBXResourcesBuildPhase;
			buildActionMask = 2147483647;
			files = (
				F953D69C2471863700A422D8 /* ForecastTableViewCell.xib in Resources */,
				F988009F246D83E2008EF980 /* WeatherTableViewCell.xib in Resources */,
				F9419E86246AFF1000707564 /* LaunchScreen.storyboard in Resources */,
				F9419E83246AFF1000707564 /* Assets.xcassets in Resources */,
				F9419E81246AFEE500707564 /* Main.storyboard in Resources */,
			);
			runOnlyForDeploymentPostprocessing = 0;
		};
/* End PBXResourcesBuildPhase section */

/* Begin PBXSourcesBuildPhase section */
		F9419E72246AFEE400707564 /* Sources */ = {
			isa = PBXSourcesBuildPhase;
			buildActionMask = 2147483647;
			files = (
				F953D69224714DEF00A422D8 /* ForecastListViewController.swift in Sources */,
				F99353292470653200BAE1E8 /* BookMarkPresenter.swift in Sources */,
				F992678D2476AF6300B5FEBD /* AppCoordinator.swift in Sources */,
				F953D69024713F3B00A422D8 /* DateExtension.swift in Sources */,
				F988009E246D83E2008EF980 /* WeatherTableViewCell.swift in Sources */,
				F98800A1246D988D008EF980 /* LocationWatherData.swift in Sources */,
				F953D6942471551C00A422D8 /* ForecastListPresenter.swift in Sources */,
				F9E35E6B2476E58D005BFC57 /* CombineSamples.swift in Sources */,
				F953D69B2471863700A422D8 /* ForecastTableViewCell.swift in Sources */,
				F9E35E692476CE8A005BFC57 /* BookMarkCoordinator.swift in Sources */,
				F9880095246D7C99008EF980 /* DataSource.swift in Sources */,
				F99267932476B37E00B5FEBD /* ApplicationControllersFactory.swift in Sources */,
				F909ECAA246C602A007F6FAF /* NetworkHelper.swift in Sources */,
				F909ECA8246C5F66007F6FAF /* NetworkManager.swift in Sources */,
				F96BE9C2246C40B5001A3A04 /* Weather.xcdatamodeld in Sources */,
				F96BE9CF246C4FEA001A3A04 /* BookMark+CoreDataClass.swift in Sources */,
				F9E35E73247726CC005BFC57 /* NetworkRequest.swift in Sources */,
				F9419E91246B19BC00707564 /* WeatherViewController.swift in Sources */,
				F992678F2476B13100B5FEBD /* WeatherSearchCoordinator.swift in Sources */,
				F9E35E712477251A005BFC57 /* NetworkServiceType.swift in Sources */,
				F9E35E75247728D2005BFC57 /* NetworkService.swift in Sources */,
				F9419E8F246B188300707564 /* WeatherPresenter.swift in Sources */,
				F9E35E6D2477203B005BFC57 /* CityWeatherData.swift in Sources */,
				F9419E7A246AFEE400707564 /* AppDelegate.swift in Sources */,
				F953D68E24713F1D00A422D8 /* CommonExtensions.swift in Sources */,
				F96BE9CE246C4FEA001A3A04 /* BookMark+CoreDataProperties.swift in Sources */,
				F96BE9BF246C4053001A3A04 /* WeatherCoreData.swift in Sources */,
				F95E6F9A24793A8400AD0003 /* APIConstant.swift in Sources */,
				F96BE9CB246C4840001A3A04 /* BookMarkModel.swift in Sources */,
				F99353272470651A00BAE1E8 /* BookMarkViewController.swift in Sources */,
				F99267912476B27C00B5FEBD /* CoordinatorDependencyProviders.swift in Sources */,
				F9E35E672476C9B3005BFC57 /* ForecastCoordinator.swift in Sources */,
				F992678A2476AD8800B5FEBD /* Coordinator.swift in Sources */,
				F96BE9C4246C4187001A3A04 /* CoreDataManager.swift in Sources */,
				F9419E7C246AFEE400707564 /* SceneDelegate.swift in Sources */,
				F996C0392477DD65007C2306 /* PublisherExtension.swift in Sources */,
				F909ECA6246C5E41007F6FAF /* WeatherModel.swift in Sources */,
			);
			runOnlyForDeploymentPostprocessing = 0;
		};
/* End PBXSourcesBuildPhase section */

/* Begin PBXVariantGroup section */
		F9419E7F246AFEE500707564 /* Main.storyboard */ = {
			isa = PBXVariantGroup;
			children = (
				F9419E80246AFEE500707564 /* Base */,
			);
			name = Main.storyboard;
			sourceTree = "<group>";
		};
		F9419E84246AFF1000707564 /* LaunchScreen.storyboard */ = {
			isa = PBXVariantGroup;
			children = (
				F9419E85246AFF1000707564 /* Base */,
			);
			name = LaunchScreen.storyboard;
			sourceTree = "<group>";
		};
/* End PBXVariantGroup section */

/* Begin XCBuildConfiguration section */
		F9419E88246AFF1000707564 /* Debug */ = {
			isa = XCBuildConfiguration;
			buildSettings = {
				ALWAYS_SEARCH_USER_PATHS = NO;
				CLANG_ANALYZER_NONNULL = YES;
				CLANG_ANALYZER_NUMBER_OBJECT_CONVERSION = YES_AGGRESSIVE;
				CLANG_CXX_LANGUAGE_STANDARD = "gnu++14";
				CLANG_CXX_LIBRARY = "libc++";
				CLANG_ENABLE_MODULES = YES;
				CLANG_ENABLE_OBJC_ARC = YES;
				CLANG_ENABLE_OBJC_WEAK = YES;
				CLANG_WARN_BLOCK_CAPTURE_AUTORELEASING = YES;
				CLANG_WARN_BOOL_CONVERSION = YES;
				CLANG_WARN_COMMA = YES;
				CLANG_WARN_CONSTANT_CONVERSION = YES;
				CLANG_WARN_DEPRECATED_OBJC_IMPLEMENTATIONS = YES;
				CLANG_WARN_DIRECT_OBJC_ISA_USAGE = YES_ERROR;
				CLANG_WARN_DOCUMENTATION_COMMENTS = YES;
				CLANG_WARN_EMPTY_BODY = YES;
				CLANG_WARN_ENUM_CONVERSION = YES;
				CLANG_WARN_INFINITE_RECURSION = YES;
				CLANG_WARN_INT_CONVERSION = YES;
				CLANG_WARN_NON_LITERAL_NULL_CONVERSION = YES;
				CLANG_WARN_OBJC_IMPLICIT_RETAIN_SELF = YES;
				CLANG_WARN_OBJC_LITERAL_CONVERSION = YES;
				CLANG_WARN_OBJC_ROOT_CLASS = YES_ERROR;
				CLANG_WARN_RANGE_LOOP_ANALYSIS = YES;
				CLANG_WARN_STRICT_PROTOTYPES = YES;
				CLANG_WARN_SUSPICIOUS_MOVE = YES;
				CLANG_WARN_UNGUARDED_AVAILABILITY = YES_AGGRESSIVE;
				CLANG_WARN_UNREACHABLE_CODE = YES;
				CLANG_WARN__DUPLICATE_METHOD_MATCH = YES;
				COPY_PHASE_STRIP = NO;
				DEBUG_INFORMATION_FORMAT = dwarf;
				ENABLE_STRICT_OBJC_MSGSEND = YES;
				ENABLE_TESTABILITY = YES;
				GCC_C_LANGUAGE_STANDARD = gnu11;
				GCC_DYNAMIC_NO_PIC = NO;
				GCC_NO_COMMON_BLOCKS = YES;
				GCC_OPTIMIZATION_LEVEL = 0;
				GCC_PREPROCESSOR_DEFINITIONS = (
					"DEBUG=1",
					"$(inherited)",
				);
				GCC_WARN_64_TO_32_BIT_CONVERSION = YES;
				GCC_WARN_ABOUT_RETURN_TYPE = YES_ERROR;
				GCC_WARN_UNDECLARED_SELECTOR = YES;
				GCC_WARN_UNINITIALIZED_AUTOS = YES_AGGRESSIVE;
				GCC_WARN_UNUSED_FUNCTION = YES;
				GCC_WARN_UNUSED_VARIABLE = YES;
				IPHONEOS_DEPLOYMENT_TARGET = 13.2;
				MTL_ENABLE_DEBUG_INFO = INCLUDE_SOURCE;
				MTL_FAST_MATH = YES;
				ONLY_ACTIVE_ARCH = YES;
				SDKROOT = iphoneos;
				SWIFT_ACTIVE_COMPILATION_CONDITIONS = DEBUG;
				SWIFT_OPTIMIZATION_LEVEL = "-Onone";
			};
			name = Debug;
		};
		F9419E89246AFF1000707564 /* Release */ = {
			isa = XCBuildConfiguration;
			buildSettings = {
				ALWAYS_SEARCH_USER_PATHS = NO;
				CLANG_ANALYZER_NONNULL = YES;
				CLANG_ANALYZER_NUMBER_OBJECT_CONVERSION = YES_AGGRESSIVE;
				CLANG_CXX_LANGUAGE_STANDARD = "gnu++14";
				CLANG_CXX_LIBRARY = "libc++";
				CLANG_ENABLE_MODULES = YES;
				CLANG_ENABLE_OBJC_ARC = YES;
				CLANG_ENABLE_OBJC_WEAK = YES;
				CLANG_WARN_BLOCK_CAPTURE_AUTORELEASING = YES;
				CLANG_WARN_BOOL_CONVERSION = YES;
				CLANG_WARN_COMMA = YES;
				CLANG_WARN_CONSTANT_CONVERSION = YES;
				CLANG_WARN_DEPRECATED_OBJC_IMPLEMENTATIONS = YES;
				CLANG_WARN_DIRECT_OBJC_ISA_USAGE = YES_ERROR;
				CLANG_WARN_DOCUMENTATION_COMMENTS = YES;
				CLANG_WARN_EMPTY_BODY = YES;
				CLANG_WARN_ENUM_CONVERSION = YES;
				CLANG_WARN_INFINITE_RECURSION = YES;
				CLANG_WARN_INT_CONVERSION = YES;
				CLANG_WARN_NON_LITERAL_NULL_CONVERSION = YES;
				CLANG_WARN_OBJC_IMPLICIT_RETAIN_SELF = YES;
				CLANG_WARN_OBJC_LITERAL_CONVERSION = YES;
				CLANG_WARN_OBJC_ROOT_CLASS = YES_ERROR;
				CLANG_WARN_RANGE_LOOP_ANALYSIS = YES;
				CLANG_WARN_STRICT_PROTOTYPES = YES;
				CLANG_WARN_SUSPICIOUS_MOVE = YES;
				CLANG_WARN_UNGUARDED_AVAILABILITY = YES_AGGRESSIVE;
				CLANG_WARN_UNREACHABLE_CODE = YES;
				CLANG_WARN__DUPLICATE_METHOD_MATCH = YES;
				COPY_PHASE_STRIP = NO;
				DEBUG_INFORMATION_FORMAT = "dwarf-with-dsym";
				ENABLE_NS_ASSERTIONS = NO;
				ENABLE_STRICT_OBJC_MSGSEND = YES;
				GCC_C_LANGUAGE_STANDARD = gnu11;
				GCC_NO_COMMON_BLOCKS = YES;
				GCC_WARN_64_TO_32_BIT_CONVERSION = YES;
				GCC_WARN_ABOUT_RETURN_TYPE = YES_ERROR;
				GCC_WARN_UNDECLARED_SELECTOR = YES;
				GCC_WARN_UNINITIALIZED_AUTOS = YES_AGGRESSIVE;
				GCC_WARN_UNUSED_FUNCTION = YES;
				GCC_WARN_UNUSED_VARIABLE = YES;
				IPHONEOS_DEPLOYMENT_TARGET = 13.2;
				MTL_ENABLE_DEBUG_INFO = NO;
				MTL_FAST_MATH = YES;
				SDKROOT = iphoneos;
				SWIFT_COMPILATION_MODE = wholemodule;
				SWIFT_OPTIMIZATION_LEVEL = "-O";
				VALIDATE_PRODUCT = YES;
			};
			name = Release;
		};
		F9419E8B246AFF1000707564 /* Debug */ = {
			isa = XCBuildConfiguration;
			buildSettings = {
				ASSETCATALOG_COMPILER_APPICON_NAME = AppIcon;
				CODE_SIGN_STYLE = Automatic;
				DEVELOPMENT_TEAM = N6859F3C8L;
				INFOPLIST_FILE = WeatherForecastCombine/Info.plist;
				LD_RUNPATH_SEARCH_PATHS = (
					"$(inherited)",
					"@executable_path/Frameworks",
				);
				PRODUCT_BUNDLE_IDENTIFIER = rohitragmahale.WeatherForecastCombine;
				PRODUCT_NAME = "$(TARGET_NAME)";
				SWIFT_VERSION = 5.0;
				TARGETED_DEVICE_FAMILY = 1;
			};
			name = Debug;
		};
		F9419E8C246AFF1000707564 /* Release */ = {
			isa = XCBuildConfiguration;
			buildSettings = {
				ASSETCATALOG_COMPILER_APPICON_NAME = AppIcon;
				CODE_SIGN_STYLE = Automatic;
				DEVELOPMENT_TEAM = N6859F3C8L;
				INFOPLIST_FILE = WeatherForecastCombine/Info.plist;
				LD_RUNPATH_SEARCH_PATHS = (
					"$(inherited)",
					"@executable_path/Frameworks",
				);
				PRODUCT_BUNDLE_IDENTIFIER = rohitragmahale.WeatherForecastCombine;
				PRODUCT_NAME = "$(TARGET_NAME)";
				SWIFT_VERSION = 5.0;
				TARGETED_DEVICE_FAMILY = 1;
			};
			name = Release;
		};
/* End XCBuildConfiguration section */

/* Begin XCConfigurationList section */
		F9419E71246AFEE400707564 /* Build configuration list for PBXProject "WeatherForecastCombine" */ = {
			isa = XCConfigurationList;
			buildConfigurations = (
				F9419E88246AFF1000707564 /* Debug */,
				F9419E89246AFF1000707564 /* Release */,
			);
			defaultConfigurationIsVisible = 0;
			defaultConfigurationName = Release;
		};
		F9419E8A246AFF1000707564 /* Build configuration list for PBXNativeTarget "WeatherForecastCombine" */ = {
			isa = XCConfigurationList;
			buildConfigurations = (
				F9419E8B246AFF1000707564 /* Debug */,
				F9419E8C246AFF1000707564 /* Release */,
			);
			defaultConfigurationIsVisible = 0;
			defaultConfigurationName = Release;
		};
/* End XCConfigurationList section */

/* Begin XCVersionGroup section */
		F96BE9C0246C40B5001A3A04 /* Weather.xcdatamodeld */ = {
			isa = XCVersionGroup;
			children = (
				F96BE9C1246C40B5001A3A04 /* Weather.xcdatamodel */,
			);
			currentVersion = F96BE9C1246C40B5001A3A04 /* Weather.xcdatamodel */;
			path = Weather.xcdatamodeld;
			sourceTree = "<group>";
			versionGroupType = wrapper.xcdatamodel;
		};
/* End XCVersionGroup section */
	};
	rootObject = F9419E6E246AFEE400707564 /* Project object */;
}
